
Microsoft Visual Studio Solution File, Format Version 12.00
# Visual Studio 15
VisualStudioVersion = 15.0.26228.9
MinimumVisualStudioVersion = 10.0.40219.1
Project("{2150E333-8FDC-42A3-9474-1A3956D46DE8}") = "Solution Items", "Solution Items", "{4F492237-55A2-48AB-A6F1-2BBAD11D5917}"
EndProject
Project("{9A19103F-16F7-4668-BE54-9A1E7A4F7556}") = "HR.DataAccess", "HR.DataAccess\HR.DataAccess.csproj", "{2BE33E5D-816A-4F22-A364-5619945A0CBF}"
EndProject
Project("{9A19103F-16F7-4668-BE54-9A1E7A4F7556}") = "HR.BusinessLogic", "HR.BusinessLogic\HR.BusinessLogic.csproj", "{0C314E70-59E8-4FD0-AF1C-8B4144CF3059}"
EndProject
Project("{9A19103F-16F7-4668-BE54-9A1E7A4F7556}") = "Web", "Web\Web.csproj", "{8E5700B3-0F2C-4ED9-A49B-2CB4B8CDB54B}"
EndProject
Project("{FAE04EC0-301F-11D3-BF4B-00C04F79EFBC}") = "Web.AutomatedUITests", "Web.xUnitTest\Web.AutomatedUITests.csproj", "{EC6BADE8-D9CF-4732-BA8D-1D3ACCC8BD9E}"
EndProject
Global
	GlobalSection(SolutionConfigurationPlatforms) = preSolution
		Debug|Any CPU = Debug|Any CPU
		Release|Any CPU = Release|Any CPU
	EndGlobalSection
	GlobalSection(ProjectConfigurationPlatforms) = postSolution
		{2BE33E5D-816A-4F22-A364-5619945A0CBF}.Debug|Any CPU.ActiveCfg = Debug|Any CPU
		{2BE33E5D-816A-4F22-A364-5619945A0CBF}.Debug|Any CPU.Build.0 = Debug|Any CPU
		{2BE33E5D-816A-4F22-A364-5619945A0CBF}.Release|Any CPU.ActiveCfg = Release|Any CPU
		{2BE33E5D-816A-4F22-A364-5619945A0CBF}.Release|Any CPU.Build.0 = Release|Any CPU
		{0C314E70-59E8-4FD0-AF1C-8B4144CF3059}.Debug|Any CPU.ActiveCfg = Debug|Any CPU
		{0C314E70-59E8-4FD0-AF1C-8B4144CF3059}.Debug|Any CPU.Build.0 = Debug|Any CPU
		{0C314E70-59E8-4FD0-AF1C-8B4144CF3059}.Release|Any CPU.ActiveCfg = Release|Any CPU
		{0C314E70-59E8-4FD0-AF1C-8B4144CF3059}.Release|Any CPU.Build.0 = Release|Any CPU
		{8E5700B3-0F2C-4ED9-A49B-2CB4B8CDB54B}.Debug|Any CPU.ActiveCfg = Debug|Any CPU
		{8E5700B3-0F2C-4ED9-A49B-2CB4B8CDB54B}.Debug|Any CPU.Build.0 = Debug|Any CPU
		{8E5700B3-0F2C-4ED9-A49B-2CB4B8CDB54B}.Release|Any CPU.ActiveCfg = Release|Any CPU
		{8E5700B3-0F2C-4ED9-A49B-2CB4B8CDB54B}.Release|Any CPU.Build.0 = Release|Any CPU
		{EC6BADE8-D9CF-4732-BA8D-1D3ACCC8BD9E}.Debug|Any CPU.ActiveCfg = Debug|Any CPU
		{EC6BADE8-D9CF-4732-BA8D-1D3ACCC8BD9E}.Debug|Any CPU.Build.0 = Debug|Any CPU
		{EC6BADE8-D9CF-4732-BA8D-1D3ACCC8BD9E}.Release|Any CPU.ActiveCfg = Release|Any CPU
		{EC6BADE8-D9CF-4732-BA8D-1D3ACCC8BD9E}.Release|Any CPU.Build.0 = Release|Any CPU
	EndGlobalSection
	GlobalSection(SolutionProperties) = preSolution
		HideSolutionNode = FALSE
	EndGlobalSection
	GlobalSection(ExtensibilityGlobals) = postSolution
		SolutionGuid = {0ED70181-F615-4EE9-8E64-FF59EFF85107}
	EndGlobalSection
EndGlobal
